
Microsoft Visual Studio Solution File, Format Version 12.00
# Visual Studio 15
Project("{FAE04EC0-301F-11D3-BF4B-00C04F79EFBC}") = "GimbalDemo.Android", "GimbalDemo.Android\GimbalDemo.Android.csproj", "{C8D72F9F-6631-4EC5-BCDE-194D8A18068A}"
EndProject
Project("{FAE04EC0-301F-11D3-BF4B-00C04F79EFBC}") = "GimbalDemo.iOS", "GimbalDemo.iOS\GimbalDemo.iOS.csproj", "{EA6A663F-10BA-49B6-9121-63FA56199D0F}"
EndProject
Project("{FAE04EC0-301F-11D3-BF4B-00C04F79EFBC}") = "GimbalDemo", "GimbalDemo\GimbalDemo.csproj", "{2ACB1DB9-2011-44A9-9DB5-FAF4868401C4}"
EndProject
Project("{FAE04EC0-301F-11D3-BF4B-00C04F79EFBC}") = "GimbalSDK.Xamarin.iOS", "..\GimbalSDK.Xamarin.iOS\GimbalSDK.Xamarin.iOS\GimbalSDK.Xamarin.iOS.csproj", "{07430806-BD11-4996-98C5-1F956EFB6B9A}"
EndProject
Project("{FAE04EC0-301F-11D3-BF4B-00C04F79EFBC}") = "GimbalSDK.Xamarin.Droid", "..\GimbalSDK.Xamarin.Droid\GimbalSDK.Xamarin.Droid\GimbalSDK.Xamarin.Droid.csproj", "{69A6B28B-81F4-48AB-87DB-F2443EBDDF22}"
EndProject
Global
	GlobalSection(SolutionConfigurationPlatforms) = preSolution
		Debug|Any CPU = Debug|Any CPU
		Release|Any CPU = Release|Any CPU
		Debug|iPhoneSimulator = Debug|iPhoneSimulator
		Release|iPhoneSimulator = Release|iPhoneSimulator
		Debug|iPhone = Debug|iPhone
		Release|iPhone = Release|iPhone
		Ad-Hoc|iPhone = Ad-Hoc|iPhone
		AppStore|iPhone = AppStore|iPhone
	EndGlobalSection
	GlobalSection(ProjectConfigurationPlatforms) = postSolution
		{C8D72F9F-6631-4EC5-BCDE-194D8A18068A}.Debug|Any CPU.ActiveCfg = Debug|Any CPU
		{C8D72F9F-6631-4EC5-BCDE-194D8A18068A}.Debug|Any CPU.Build.0 = Debug|Any CPU
		{C8D72F9F-6631-4EC5-BCDE-194D8A18068A}.Release|Any CPU.ActiveCfg = Release|Any CPU
		{C8D72F9F-6631-4EC5-BCDE-194D8A18068A}.Release|Any CPU.Build.0 = Release|Any CPU
		{C8D72F9F-6631-4EC5-BCDE-194D8A18068A}.Debug|iPhoneSimulator.ActiveCfg = Debug|Any CPU
		{C8D72F9F-6631-4EC5-BCDE-194D8A18068A}.Debug|iPhoneSimulator.Build.0 = Debug|Any CPU
		{C8D72F9F-6631-4EC5-BCDE-194D8A18068A}.Release|iPhoneSimulator.ActiveCfg = Release|Any CPU
		{C8D72F9F-6631-4EC5-BCDE-194D8A18068A}.Release|iPhoneSimulator.Build.0 = Release|Any CPU
		{C8D72F9F-6631-4EC5-BCDE-194D8A18068A}.Debug|iPhone.ActiveCfg = Debug|Any CPU
		{C8D72F9F-6631-4EC5-BCDE-194D8A18068A}.Debug|iPhone.Build.0 = Debug|Any CPU
		{C8D72F9F-6631-4EC5-BCDE-194D8A18068A}.Release|iPhone.ActiveCfg = Release|Any CPU
		{C8D72F9F-6631-4EC5-BCDE-194D8A18068A}.Release|iPhone.Build.0 = Release|Any CPU
		{C8D72F9F-6631-4EC5-BCDE-194D8A18068A}.Ad-Hoc|iPhone.ActiveCfg = Debug|Any CPU
		{C8D72F9F-6631-4EC5-BCDE-194D8A18068A}.Ad-Hoc|iPhone.Build.0 = Debug|Any CPU
		{C8D72F9F-6631-4EC5-BCDE-194D8A18068A}.AppStore|iPhone.ActiveCfg = Debug|Any CPU
		{C8D72F9F-6631-4EC5-BCDE-194D8A18068A}.AppStore|iPhone.Build.0 = Debug|Any CPU
		{EA6A663F-10BA-49B6-9121-63FA56199D0F}.Debug|Any CPU.ActiveCfg = Debug|iPhoneSimulator
		{EA6A663F-10BA-49B6-9121-63FA56199D0F}.Debug|Any CPU.Build.0 = Debug|iPhoneSimulator
		{EA6A663F-10BA-49B6-9121-63FA56199D0F}.Release|Any CPU.ActiveCfg = Release|iPhoneSimulator
		{EA6A663F-10BA-49B6-9121-63FA56199D0F}.Release|Any CPU.Build.0 = Release|iPhoneSimulator
		{EA6A663F-10BA-49B6-9121-63FA56199D0F}.Debug|iPhoneSimulator.ActiveCfg = Debug|iPhoneSimulator
		{EA6A663F-10BA-49B6-9121-63FA56199D0F}.Debug|iPhoneSimulator.Build.0 = Debug|iPhoneSimulator
		{EA6A663F-10BA-49B6-9121-63FA56199D0F}.Release|iPhoneSimulator.ActiveCfg = Release|iPhoneSimulator
		{EA6A663F-10BA-49B6-9121-63FA56199D0F}.Release|iPhoneSimulator.Build.0 = Release|iPhoneSimulator
		{EA6A663F-10BA-49B6-9121-63FA56199D0F}.Debug|iPhone.ActiveCfg = Debug|iPhone
		{EA6A663F-10BA-49B6-9121-63FA56199D0F}.Debug|iPhone.Build.0 = Debug|iPhone
		{EA6A663F-10BA-49B6-9121-63FA56199D0F}.Release|iPhone.ActiveCfg = Release|iPhone
		{EA6A663F-10BA-49B6-9121-63FA56199D0F}.Release|iPhone.Build.0 = Release|iPhone
		{EA6A663F-10BA-49B6-9121-63FA56199D0F}.Ad-Hoc|iPhone.ActiveCfg = Ad-Hoc|iPhone
		{EA6A663F-10BA-49B6-9121-63FA56199D0F}.Ad-Hoc|iPhone.Build.0 = Ad-Hoc|iPhone
		{EA6A663F-10BA-49B6-9121-63FA56199D0F}.AppStore|iPhone.ActiveCfg = AppStore|iPhone
		{EA6A663F-10BA-49B6-9121-63FA56199D0F}.AppStore|iPhone.Build.0 = AppStore|iPhone
		{2ACB1DB9-2011-44A9-9DB5-FAF4868401C4}.Debug|Any CPU.ActiveCfg = Debug|Any CPU
		{2ACB1DB9-2011-44A9-9DB5-FAF4868401C4}.Debug|Any CPU.Build.0 = Debug|Any CPU
		{2ACB1DB9-2011-44A9-9DB5-FAF4868401C4}.Release|Any CPU.ActiveCfg = Release|Any CPU
		{2ACB1DB9-2011-44A9-9DB5-FAF4868401C4}.Release|Any CPU.Build.0 = Release|Any CPU
		{2ACB1DB9-2011-44A9-9DB5-FAF4868401C4}.Debug|iPhoneSimulator.ActiveCfg = Debug|Any CPU
		{2ACB1DB9-2011-44A9-9DB5-FAF4868401C4}.Debug|iPhoneSimulator.Build.0 = Debug|Any CPU
		{2ACB1DB9-2011-44A9-9DB5-FAF4868401C4}.Release|iPhoneSimulator.ActiveCfg = Release|Any CPU
		{2ACB1DB9-2011-44A9-9DB5-FAF4868401C4}.Release|iPhoneSimulator.Build.0 = Release|Any CPU
		{2ACB1DB9-2011-44A9-9DB5-FAF4868401C4}.Debug|iPhone.ActiveCfg = Debug|Any CPU
		{2ACB1DB9-2011-44A9-9DB5-FAF4868401C4}.Debug|iPhone.Build.0 = Debug|Any CPU
		{2ACB1DB9-2011-44A9-9DB5-FAF4868401C4}.Release|iPhone.ActiveCfg = Release|Any CPU
		{2ACB1DB9-2011-44A9-9DB5-FAF4868401C4}.Release|iPhone.Build.0 = Release|Any CPU
		{2ACB1DB9-2011-44A9-9DB5-FAF4868401C4}.Ad-Hoc|iPhone.ActiveCfg = Debug|Any CPU
		{2ACB1DB9-2011-44A9-9DB5-FAF4868401C4}.Ad-Hoc|iPhone.Build.0 = Debug|Any CPU
		{2ACB1DB9-2011-44A9-9DB5-FAF4868401C4}.AppStore|iPhone.ActiveCfg = Debug|Any CPU
		{2ACB1DB9-2011-44A9-9DB5-FAF4868401C4}.AppStore|iPhone.Build.0 = Debug|Any CPU
		{07430806-BD11-4996-98C5-1F956EFB6B9A}.Debug|Any CPU.ActiveCfg = Debug|Any CPU
		{07430806-BD11-4996-98C5-1F956EFB6B9A}.Debug|Any CPU.Build.0 = Debug|Any CPU
		{07430806-BD11-4996-98C5-1F956EFB6B9A}.Release|Any CPU.ActiveCfg = Release|Any CPU
		{07430806-BD11-4996-98C5-1F956EFB6B9A}.Release|Any CPU.Build.0 = Release|Any CPU
		{07430806-BD11-4996-98C5-1F956EFB6B9A}.Debug|iPhoneSimulator.ActiveCfg = Debug|Any CPU
		{07430806-BD11-4996-98C5-1F956EFB6B9A}.Debug|iPhoneSimulator.Build.0 = Debug|Any CPU
		{07430806-BD11-4996-98C5-1F956EFB6B9A}.Release|iPhoneSimulator.ActiveCfg = Release|Any CPU
		{07430806-BD11-4996-98C5-1F956EFB6B9A}.Release|iPhoneSimulator.Build.0 = Release|Any CPU
		{07430806-BD11-4996-98C5-1F956EFB6B9A}.Debug|iPhone.ActiveCfg = Debug|Any CPU
		{07430806-BD11-4996-98C5-1F956EFB6B9A}.Debug|iPhone.Build.0 = Debug|Any CPU
		{07430806-BD11-4996-98C5-1F956EFB6B9A}.Release|iPhone.ActiveCfg = Release|Any CPU
		{07430806-BD11-4996-98C5-1F956EFB6B9A}.Release|iPhone.Build.0 = Release|Any CPU
		{07430806-BD11-4996-98C5-1F956EFB6B9A}.Ad-Hoc|iPhone.ActiveCfg = Release|Any CPU
		{07430806-BD11-4996-98C5-1F956EFB6B9A}.Ad-Hoc|iPhone.Build.0 = Release|Any CPU
		{07430806-BD11-4996-98C5-1F956EFB6B9A}.AppStore|iPhone.ActiveCfg = Release|Any CPU
		{07430806-BD11-4996-98C5-1F956EFB6B9A}.AppStore|iPhone.Build.0 = Release|Any CPU
		{69A6B28B-81F4-48AB-87DB-F2443EBDDF22}.Debug|Any CPU.ActiveCfg = Debug|Any CPU
		{69A6B28B-81F4-48AB-87DB-F2443EBDDF22}.Debug|Any CPU.Build.0 = Debug|Any CPU
		{69A6B28B-81F4-48AB-87DB-F2443EBDDF22}.Release|Any CPU.ActiveCfg = Release|Any CPU
		{69A6B28B-81F4-48AB-87DB-F2443EBDDF22}.Release|Any CPU.Build.0 = Release|Any CPU
		{69A6B28B-81F4-48AB-87DB-F2443EBDDF22}.Debug|iPhoneSimulator.ActiveCfg = Debug|Any CPU
		{69A6B28B-81F4-48AB-87DB-F2443EBDDF22}.Debug|iPhoneSimulator.Build.0 = Debug|Any CPU
		{69A6B28B-81F4-48AB-87DB-F2443EBDDF22}.Release|iPhoneSimulator.ActiveCfg = Release|Any CPU
		{69A6B28B-81F4-48AB-87DB-F2443EBDDF22}.Release|iPhoneSimulator.Build.0 = Release|Any CPU
		{69A6B28B-81F4-48AB-87DB-F2443EBDDF22}.Debug|iPhone.ActiveCfg = Debug|Any CPU
		{69A6B28B-81F4-48AB-87DB-F2443EBDDF22}.Debug|iPhone.Build.0 = Debug|Any CPU
		{69A6B28B-81F4-48AB-87DB-F2443EBDDF22}.Release|iPhone.ActiveCfg = Release|Any CPU
		{69A6B28B-81F4-48AB-87DB-F2443EBDDF22}.Release|iPhone.Build.0 = Release|Any CPU
		{69A6B28B-81F4-48AB-87DB-F2443EBDDF22}.Ad-Hoc|iPhone.ActiveCfg = Release|Any CPU
		{69A6B28B-81F4-48AB-87DB-F2443EBDDF22}.Ad-Hoc|iPhone.Build.0 = Release|Any CPU
		{69A6B28B-81F4-48AB-87DB-F2443EBDDF22}.AppStore|iPhone.ActiveCfg = Release|Any CPU
		{69A6B28B-81F4-48AB-87DB-F2443EBDDF22}.AppStore|iPhone.Build.0 = Release|Any CPU
	EndGlobalSection
EndGlobal
